<?xml version="1.0" encoding="utf-8"?>
<Project ToolsVersion="4.0" xmlns="http://schemas.microsoft.com/developer/msbuild/2003">
  <ItemGroup>
    <Filter Include="Orca">
      <UniqueIdentifier>{8A538A7C-768A-8B0D-1F77-71100B8D070F}</UniqueIdentifier>
    </Filter>
    <Filter Include="Orca\Events">
      <UniqueIdentifier>{2E60413C-9A15-BA31-230A-B4088FBEB035}</UniqueIdentifier>
    </Filter>
    <Filter Include="Orca\Layers">
      <UniqueIdentifier>{094B244B-7500-9D40-FEF4-96176AA99344}</UniqueIdentifier>
    </Filter>
    <Filter Include="Orca\debugStuff">
      <UniqueIdentifier>{A87EF337-140A-61FC-1D1B-E4F08925BDFC}</UniqueIdentifier>
    </Filter>
    <Filter Include="Orca\input">
      <UniqueIdentifier>{2913EE51-15CB-2F9F-7ED2-08FB6AA9CA8F}</UniqueIdentifier>
    </Filter>
    <Filter Include="Orca\openGlGUI">
      <UniqueIdentifier>{433A0D25-2F08-012B-189C-71510409DD8F}</UniqueIdentifier>
    </Filter>
    <Filter Include="Orca\windows">
      <UniqueIdentifier>{E47F97AF-D0E2-2654-7968-5F0A65AAF2D6}</UniqueIdentifier>
    </Filter>
  </ItemGroup>
  <ItemGroup>
    <ClInclude Include="src\Orca.h" />
    <ClInclude Include="src\Orca\Application.h">
      <Filter>Orca</Filter>
    </ClInclude>
    <ClInclude Include="src\Orca\EntryPoint.h">
      <Filter>Orca</Filter>
    </ClInclude>
    <ClInclude Include="src\Orca\Events\Event.h">
      <Filter>Orca\Events</Filter>
    </ClInclude>
    <ClInclude Include="src\Orca\Events\appEvent.h">
      <Filter>Orca\Events</Filter>
    </ClInclude>
    <ClInclude Include="src\Orca\Events\keyEvent.h">
      <Filter>Orca\Events</Filter>
    </ClInclude>
    <ClInclude Include="src\Orca\Events\mouseEvent.h">
      <Filter>Orca\Events</Filter>
    </ClInclude>
    <ClInclude Include="src\Orca\Layers\layer.h">
      <Filter>Orca\Layers</Filter>
    </ClInclude>
    <ClInclude Include="src\Orca\Layers\layerStack.h">
      <Filter>Orca\Layers</Filter>
    </ClInclude>
    <ClInclude Include="src\Orca\core.h">
      <Filter>Orca</Filter>
    </ClInclude>
    <ClInclude Include="src\Orca\debugStuff\Log.h">
      <Filter>Orca\debugStuff</Filter>
    </ClInclude>
    <ClInclude Include="src\Orca\debugStuff\imGuiLayer.h">
      <Filter>Orca\debugStuff</Filter>
    </ClInclude>
    <ClInclude Include="src\Orca\input\input.h">
      <Filter>Orca\input</Filter>
    </ClInclude>
    <ClInclude Include="src\Orca\input\winInput.h">
      <Filter>Orca\input</Filter>
    </ClInclude>
    <ClInclude Include="src\Orca\openGlGUI\imGUIOpenGlRenderer.h">
      <Filter>Orca\openGlGUI</Filter>
    </ClInclude>
    <ClInclude Include="src\Orca\windows\winWindow.h">
      <Filter>Orca\windows</Filter>
    </ClInclude>
    <ClInclude Include="src\Orca\windows\window.h">
      <Filter>Orca\windows</Filter>
    </ClInclude>
    <ClInclude Include="src\OrcaPCH.h" />
  </ItemGroup>
  <ItemGroup>
    <ClCompile Include="src\Orca\Application.cpp">
      <Filter>Orca</Filter>
    </ClCompile>
    <ClCompile Include="src\Orca\Layers\layer.cpp">
      <Filter>Orca\Layers</Filter>
    </ClCompile>
    <ClCompile Include="src\Orca\Layers\layerStack.cpp">
      <Filter>Orca\Layers</Filter>
    </ClCompile>
    <ClCompile Include="src\Orca\debugStuff\Log.cpp">
      <Filter>Orca\debugStuff</Filter>
    </ClCompile>
    <ClCompile Include="src\Orca\debugStuff\imGuiLayer.cpp">
      <Filter>Orca\debugStuff</Filter>
    </ClCompile>
    <ClCompile Include="src\Orca\input\input.cpp">
      <Filter>Orca\input</Filter>
    </ClCompile>
    <ClCompile Include="src\Orca\input\winInput.cpp">
      <Filter>Orca\input</Filter>
    </ClCompile>
    <ClCompile Include="src\Orca\openGlGUI\imGUIOpenGlRenderer.cpp">
      <Filter>Orca\openGlGUI</Filter>
    </ClCompile>
    <ClCompile Include="src\Orca\windows\winWindow.cpp">
      <Filter>Orca\windows</Filter>
    </ClCompile>
    <ClCompile Include="src\OrcaPCH.cpp" />
  </ItemGroup>
</Project>