<?xml version="1.0" encoding="utf-8"?>
<Project ToolsVersion="4.0" xmlns="http://schemas.microsoft.com/developer/msbuild/2003">
  <ItemGroup>
    <Filter Include="Orca">
      <UniqueIdentifier>{8A538A7C-768A-8B0D-1F77-71100B8D070F}</UniqueIdentifier>
    </Filter>
    <Filter Include="Orca\Events">
      <UniqueIdentifier>{2E60413C-9A15-BA31-230A-B4088FBEB035}</UniqueIdentifier>
    </Filter>
  </ItemGroup>
  <ItemGroup>
    <ClInclude Include="src\Orca.h" />
    <ClInclude Include="src\Orca\Application.h">
      <Filter>Orca</Filter>
    </ClInclude>
    <ClInclude Include="src\Orca\EntryPoint.h">
      <Filter>Orca</Filter>
    </ClInclude>
    <ClInclude Include="src\Orca\Events\Event.h">
      <Filter>Orca\Events</Filter>
    </ClInclude>
    <ClInclude Include="src\Orca\Log.h">
      <Filter>Orca</Filter>
    </ClInclude>
    <ClInclude Include="src\Orca\core.h">
      <Filter>Orca</Filter>
    </ClInclude>
    <ClInclude Include="src\OrcaPCH.h" />
  </ItemGroup>
  <ItemGroup>
    <ClCompile Include="src\Orca\Application.cpp">
      <Filter>Orca</Filter>
    </ClCompile>
    <ClCompile Include="src\Orca\Log.cpp">
      <Filter>Orca</Filter>
    </ClCompile>
    <ClCompile Include="src\OrcaPCH.cpp" />
  </ItemGroup>
</Project>